// !$*UTF8*$!
{
	archiveVersion = 1;
	classes = {
	};
	objectVersion = 50;
	objects = {

/* Begin PBXBuildFile section */
		7A41586E218492CE00B8A27C /* NoteMapController.swift in Sources */ = {isa = PBXBuildFile; fileRef = 7A41586D218492CE00B8A27C /* NoteMapController.swift */; };
		7A415870218502A400B8A27C /* MapController.swift in Sources */ = {isa = PBXBuildFile; fileRef = 7A41586F218502A400B8A27C /* MapController.swift */; };
		7A415878218514DF00B8A27C /* LocalizationManager.swift in Sources */ = {isa = PBXBuildFile; fileRef = 7A415877218514DF00B8A27C /* LocalizationManager.swift */; };
		7A41587B218515F100B8A27C /* Localizable.strings in Resources */ = {isa = PBXBuildFile; fileRef = 7A415879218515F100B8A27C /* Localizable.strings */; };
		7A8BE75121810ABC00DF0C65 /* SelectFolderController.swift in Sources */ = {isa = PBXBuildFile; fileRef = 7A8BE75021810ABC00DF0C65 /* SelectFolderController.swift */; };
		7A8BE754218111F900DF0C65 /* LocationManager.swift in Sources */ = {isa = PBXBuildFile; fileRef = 7A8BE753218111F900DF0C65 /* LocationManager.swift */; };
		7AB309D2217F713B005C3CB0 /* AppDelegate.swift in Sources */ = {isa = PBXBuildFile; fileRef = 7AB309D1217F713B005C3CB0 /* AppDelegate.swift */; };
		7AB309D7217F713B005C3CB0 /* Main.storyboard in Resources */ = {isa = PBXBuildFile; fileRef = 7AB309D5217F713B005C3CB0 /* Main.storyboard */; };
		7AB309DA217F713B005C3CB0 /* LocationNotes.xcdatamodeld in Sources */ = {isa = PBXBuildFile; fileRef = 7AB309D8217F713B005C3CB0 /* LocationNotes.xcdatamodeld */; };
		7AB309DC217F713C005C3CB0 /* Assets.xcassets in Resources */ = {isa = PBXBuildFile; fileRef = 7AB309DB217F713C005C3CB0 /* Assets.xcassets */; };
		7AB309DF217F713C005C3CB0 /* LaunchScreen.storyboard in Resources */ = {isa = PBXBuildFile; fileRef = 7AB309DD217F713C005C3CB0 /* LaunchScreen.storyboard */; };
		7AB309EE217F7A76005C3CB0 /* Note+CoreDataClass.swift in Sources */ = {isa = PBXBuildFile; fileRef = 7AB309E6217F7A76005C3CB0 /* Note+CoreDataClass.swift */; };
		7AB309EF217F7A76005C3CB0 /* Note+CoreDataProperties.swift in Sources */ = {isa = PBXBuildFile; fileRef = 7AB309E7217F7A76005C3CB0 /* Note+CoreDataProperties.swift */; };
		7AB309F0217F7A76005C3CB0 /* ImageNote+CoreDataClass.swift in Sources */ = {isa = PBXBuildFile; fileRef = 7AB309E8217F7A76005C3CB0 /* ImageNote+CoreDataClass.swift */; };
		7AB309F1217F7A76005C3CB0 /* ImageNote+CoreDataProperties.swift in Sources */ = {isa = PBXBuildFile; fileRef = 7AB309E9217F7A76005C3CB0 /* ImageNote+CoreDataProperties.swift */; };
		7AB309F2217F7A76005C3CB0 /* Folder+CoreDataClass.swift in Sources */ = {isa = PBXBuildFile; fileRef = 7AB309EA217F7A76005C3CB0 /* Folder+CoreDataClass.swift */; };
		7AB309F3217F7A76005C3CB0 /* Folder+CoreDataProperties.swift in Sources */ = {isa = PBXBuildFile; fileRef = 7AB309EB217F7A76005C3CB0 /* Folder+CoreDataProperties.swift */; };
		7AB309F4217F7A76005C3CB0 /* Location+CoreDataClass.swift in Sources */ = {isa = PBXBuildFile; fileRef = 7AB309EC217F7A76005C3CB0 /* Location+CoreDataClass.swift */; };
		7AB309F5217F7A76005C3CB0 /* Location+CoreDataProperties.swift in Sources */ = {isa = PBXBuildFile; fileRef = 7AB309ED217F7A76005C3CB0 /* Location+CoreDataProperties.swift */; };
		7AB309F8217F7DEF005C3CB0 /* CoreDataManager.swift in Sources */ = {isa = PBXBuildFile; fileRef = 7AB309F7217F7DEF005C3CB0 /* CoreDataManager.swift */; };
		7AB309FA217F9C97005C3CB0 /* FoldersController.swift in Sources */ = {isa = PBXBuildFile; fileRef = 7AB309F9217F9C97005C3CB0 /* FoldersController.swift */; };
		7AB309FC217FA431005C3CB0 /* FolderController.swift in Sources */ = {isa = PBXBuildFile; fileRef = 7AB309FB217FA431005C3CB0 /* FolderController.swift */; };
		7AE8C39A217FB0E00079FE46 /* NoteController.swift in Sources */ = {isa = PBXBuildFile; fileRef = 7AE8C399217FB0E00079FE46 /* NoteController.swift */; };
		7AF0488D21859FB900A7F1B3 /* InfoPlist.strings in Resources */ = {isa = PBXBuildFile; fileRef = 7AF0488B21859FB900A7F1B3 /* InfoPlist.strings */; };
		7AF0488F2185AD8100A7F1B3 /* NoteCell.swift in Sources */ = {isa = PBXBuildFile; fileRef = 7AF0488E2185AD8100A7F1B3 /* NoteCell.swift */; };
/* End PBXBuildFile section */

/* Begin PBXFileReference section */
		7A41586D218492CE00B8A27C /* NoteMapController.swift */ = {isa = PBXFileReference; lastKnownFileType = sourcecode.swift; path = NoteMapController.swift; sourceTree = "<group>"; };
		7A41586F218502A400B8A27C /* MapController.swift */ = {isa = PBXFileReference; lastKnownFileType = sourcecode.swift; path = MapController.swift; sourceTree = "<group>"; };
		7A415871218512EF00B8A27C /* ru */ = {isa = PBXFileReference; lastKnownFileType = text.plist.strings; name = ru; path = ru.lproj/Main.strings; sourceTree = "<group>"; };
		7A415872218512EF00B8A27C /* ru */ = {isa = PBXFileReference; lastKnownFileType = text.plist.strings; name = ru; path = ru.lproj/LaunchScreen.strings; sourceTree = "<group>"; };
		7A415877218514DF00B8A27C /* LocalizationManager.swift */ = {isa = PBXFileReference; lastKnownFileType = sourcecode.swift; path = LocalizationManager.swift; sourceTree = "<group>"; };
		7A41587A218515F100B8A27C /* ru */ = {isa = PBXFileReference; lastKnownFileType = text.plist.strings; name = ru; path = ru.lproj/Localizable.strings; sourceTree = "<group>"; };
		7A8BE75021810ABC00DF0C65 /* SelectFolderController.swift */ = {isa = PBXFileReference; lastKnownFileType = sourcecode.swift; path = SelectFolderController.swift; sourceTree = "<group>"; };
		7A8BE753218111F900DF0C65 /* LocationManager.swift */ = {isa = PBXFileReference; lastKnownFileType = sourcecode.swift; path = LocationManager.swift; sourceTree = "<group>"; };
		7AB309CE217F713B005C3CB0 /* LocationNotes.app */ = {isa = PBXFileReference; explicitFileType = wrapper.application; includeInIndex = 0; path = LocationNotes.app; sourceTree = BUILT_PRODUCTS_DIR; };
		7AB309D1217F713B005C3CB0 /* AppDelegate.swift */ = {isa = PBXFileReference; lastKnownFileType = sourcecode.swift; path = AppDelegate.swift; sourceTree = "<group>"; };
		7AB309D6217F713B005C3CB0 /* Base */ = {isa = PBXFileReference; lastKnownFileType = file.storyboard; name = Base; path = Base.lproj/Main.storyboard; sourceTree = "<group>"; };
		7AB309D9217F713B005C3CB0 /* LocationNotes.xcdatamodel */ = {isa = PBXFileReference; lastKnownFileType = wrapper.xcdatamodel; path = LocationNotes.xcdatamodel; sourceTree = "<group>"; };
		7AB309DB217F713C005C3CB0 /* Assets.xcassets */ = {isa = PBXFileReference; lastKnownFileType = folder.assetcatalog; path = Assets.xcassets; sourceTree = "<group>"; };
		7AB309DE217F713C005C3CB0 /* Base */ = {isa = PBXFileReference; lastKnownFileType = file.storyboard; name = Base; path = Base.lproj/LaunchScreen.storyboard; sourceTree = "<group>"; };
		7AB309E0217F713C005C3CB0 /* Info.plist */ = {isa = PBXFileReference; lastKnownFileType = text.plist.xml; path = Info.plist; sourceTree = "<group>"; };
		7AB309E6217F7A76005C3CB0 /* Note+CoreDataClass.swift */ = {isa = PBXFileReference; lastKnownFileType = sourcecode.swift; path = "Note+CoreDataClass.swift"; sourceTree = "<group>"; };
		7AB309E7217F7A76005C3CB0 /* Note+CoreDataProperties.swift */ = {isa = PBXFileReference; lastKnownFileType = sourcecode.swift; path = "Note+CoreDataProperties.swift"; sourceTree = "<group>"; };
		7AB309E8217F7A76005C3CB0 /* ImageNote+CoreDataClass.swift */ = {isa = PBXFileReference; lastKnownFileType = sourcecode.swift; path = "ImageNote+CoreDataClass.swift"; sourceTree = "<group>"; };
		7AB309E9217F7A76005C3CB0 /* ImageNote+CoreDataProperties.swift */ = {isa = PBXFileReference; lastKnownFileType = sourcecode.swift; path = "ImageNote+CoreDataProperties.swift"; sourceTree = "<group>"; };
		7AB309EA217F7A76005C3CB0 /* Folder+CoreDataClass.swift */ = {isa = PBXFileReference; lastKnownFileType = sourcecode.swift; path = "Folder+CoreDataClass.swift"; sourceTree = "<group>"; };
		7AB309EB217F7A76005C3CB0 /* Folder+CoreDataProperties.swift */ = {isa = PBXFileReference; lastKnownFileType = sourcecode.swift; path = "Folder+CoreDataProperties.swift"; sourceTree = "<group>"; };
		7AB309EC217F7A76005C3CB0 /* Location+CoreDataClass.swift */ = {isa = PBXFileReference; lastKnownFileType = sourcecode.swift; path = "Location+CoreDataClass.swift"; sourceTree = "<group>"; };
		7AB309ED217F7A76005C3CB0 /* Location+CoreDataProperties.swift */ = {isa = PBXFileReference; lastKnownFileType = sourcecode.swift; path = "Location+CoreDataProperties.swift"; sourceTree = "<group>"; };
		7AB309F7217F7DEF005C3CB0 /* CoreDataManager.swift */ = {isa = PBXFileReference; lastKnownFileType = sourcecode.swift; path = CoreDataManager.swift; sourceTree = "<group>"; };
		7AB309F9217F9C97005C3CB0 /* FoldersController.swift */ = {isa = PBXFileReference; lastKnownFileType = sourcecode.swift; path = FoldersController.swift; sourceTree = "<group>"; };
		7AB309FB217FA431005C3CB0 /* FolderController.swift */ = {isa = PBXFileReference; lastKnownFileType = sourcecode.swift; path = FolderController.swift; sourceTree = "<group>"; };
		7AE8C399217FB0E00079FE46 /* NoteController.swift */ = {isa = PBXFileReference; lastKnownFileType = sourcecode.swift; path = NoteController.swift; sourceTree = "<group>"; };
		7AF0488C21859FB900A7F1B3 /* ru */ = {isa = PBXFileReference; lastKnownFileType = text.plist.strings; name = ru; path = ru.lproj/InfoPlist.strings; sourceTree = "<group>"; };
		7AF0488E2185AD8100A7F1B3 /* NoteCell.swift */ = {isa = PBXFileReference; lastKnownFileType = sourcecode.swift; path = NoteCell.swift; sourceTree = "<group>"; };
/* End PBXFileReference section */

/* Begin PBXFrameworksBuildPhase section */
		7AB309CB217F713B005C3CB0 /* Frameworks */ = {
			isa = PBXFrameworksBuildPhase;
			buildActionMask = 2147483647;
			files = (
			);
			runOnlyForDeploymentPostprocessing = 0;
		};
/* End PBXFrameworksBuildPhase section */

/* Begin PBXGroup section */
		7A8BE752218111D500DF0C65 /* CoreData */ = {
			isa = PBXGroup;
			children = (
				7AB309D8217F713B005C3CB0 /* LocationNotes.xcdatamodeld */,
				7AB309E6217F7A76005C3CB0 /* Note+CoreDataClass.swift */,
				7AB309E7217F7A76005C3CB0 /* Note+CoreDataProperties.swift */,
				7AB309E8217F7A76005C3CB0 /* ImageNote+CoreDataClass.swift */,
				7AB309E9217F7A76005C3CB0 /* ImageNote+CoreDataProperties.swift */,
				7AB309EA217F7A76005C3CB0 /* Folder+CoreDataClass.swift */,
				7AB309EB217F7A76005C3CB0 /* Folder+CoreDataProperties.swift */,
				7AB309EC217F7A76005C3CB0 /* Location+CoreDataClass.swift */,
				7AB309ED217F7A76005C3CB0 /* Location+CoreDataProperties.swift */,
				7AB309F7217F7DEF005C3CB0 /* CoreDataManager.swift */,
			);
			path = CoreData;
			sourceTree = "<group>";
		};
		7AB309C5217F713B005C3CB0 = {
			isa = PBXGroup;
			children = (
				7AB309D0217F713B005C3CB0 /* LocationNotes */,
				7AB309CF217F713B005C3CB0 /* Products */,
			);
			sourceTree = "<group>";
		};
		7AB309CF217F713B005C3CB0 /* Products */ = {
			isa = PBXGroup;
			children = (
				7AB309CE217F713B005C3CB0 /* LocationNotes.app */,
			);
			name = Products;
			sourceTree = "<group>";
		};
		7AB309D0217F713B005C3CB0 /* LocationNotes */ = {
			isa = PBXGroup;
			children = (
				7AB309F6217F7A7B005C3CB0 /* Model */,
				7AB309D1217F713B005C3CB0 /* AppDelegate.swift */,
				7AB309D5217F713B005C3CB0 /* Main.storyboard */,
				7AB309DD217F713C005C3CB0 /* LaunchScreen.storyboard */,
				7AB309DB217F713C005C3CB0 /* Assets.xcassets */,
				7AB309F9217F9C97005C3CB0 /* FoldersController.swift */,
				7AB309FB217FA431005C3CB0 /* FolderController.swift */,
				7AF0488E2185AD8100A7F1B3 /* NoteCell.swift */,
				7AE8C399217FB0E00079FE46 /* NoteController.swift */,
				7A41586D218492CE00B8A27C /* NoteMapController.swift */,
				7A8BE75021810ABC00DF0C65 /* SelectFolderController.swift */,
				7A41586F218502A400B8A27C /* MapController.swift */,
				7A415879218515F100B8A27C /* Localizable.strings */,
				7AB309E0217F713C005C3CB0 /* Info.plist */,
				7AF0488B21859FB900A7F1B3 /* InfoPlist.strings */,
			);
			path = LocationNotes;
			sourceTree = "<group>";
		};
		7AB309F6217F7A7B005C3CB0 /* Model */ = {
			isa = PBXGroup;
			children = (
				7A8BE753218111F900DF0C65 /* LocationManager.swift */,
				7A415877218514DF00B8A27C /* LocalizationManager.swift */,
				7A8BE752218111D500DF0C65 /* CoreData */,
			);
			name = Model;
			path = "New Group";
			sourceTree = "<group>";
		};
/* End PBXGroup section */

/* Begin PBXNativeTarget section */
		7AB309CD217F713B005C3CB0 /* LocationNotes */ = {
			isa = PBXNativeTarget;
			buildConfigurationList = 7AB309E3217F713C005C3CB0 /* Build configuration list for PBXNativeTarget "LocationNotes" */;
			buildPhases = (
				7AB309CA217F713B005C3CB0 /* Sources */,
				7AB309CB217F713B005C3CB0 /* Frameworks */,
				7AB309CC217F713B005C3CB0 /* Resources */,
			);
			buildRules = (
			);
			dependencies = (
			);
			name = LocationNotes;
			productName = LocationNotes;
			productReference = 7AB309CE217F713B005C3CB0 /* LocationNotes.app */;
			productType = "com.apple.product-type.application";
		};
/* End PBXNativeTarget section */

/* Begin PBXProject section */
		7AB309C6217F713B005C3CB0 /* Project object */ = {
			isa = PBXProject;
			attributes = {
				LastSwiftUpdateCheck = 1000;
				LastUpgradeCheck = 1000;
				ORGANIZATIONNAME = "Евгений";
				TargetAttributes = {
					7AB309CD217F713B005C3CB0 = {
						CreatedOnToolsVersion = 10.0;
					};
				};
			};
			buildConfigurationList = 7AB309C9217F713B005C3CB0 /* Build configuration list for PBXProject "LocationNotes" */;
			compatibilityVersion = "Xcode 9.3";
			developmentRegion = en;
			hasScannedForEncodings = 0;
			knownRegions = (
				en,
				Base,
				ru,
			);
			mainGroup = 7AB309C5217F713B005C3CB0;
			productRefGroup = 7AB309CF217F713B005C3CB0 /* Products */;
			projectDirPath = "";
			projectRoot = "";
			targets = (
				7AB309CD217F713B005C3CB0 /* LocationNotes */,
			);
		};
/* End PBXProject section */

/* Begin PBXResourcesBuildPhase section */
		7AB309CC217F713B005C3CB0 /* Resources */ = {
			isa = PBXResourcesBuildPhase;
			buildActionMask = 2147483647;
			files = (
				7AB309DF217F713C005C3CB0 /* LaunchScreen.storyboard in Resources */,
				7A41587B218515F100B8A27C /* Localizable.strings in Resources */,
				7AB309DC217F713C005C3CB0 /* Assets.xcassets in Resources */,
				7AB309D7217F713B005C3CB0 /* Main.storyboard in Resources */,
				7AF0488D21859FB900A7F1B3 /* InfoPlist.strings in Resources */,
			);
			runOnlyForDeploymentPostprocessing = 0;
		};
/* End PBXResourcesBuildPhase section */

/* Begin PBXSourcesBuildPhase section */
		7AB309CA217F713B005C3CB0 /* Sources */ = {
			isa = PBXSourcesBuildPhase;
			buildActionMask = 2147483647;
			files = (
				7AB309F0217F7A76005C3CB0 /* ImageNote+CoreDataClass.swift in Sources */,
				7A41586E218492CE00B8A27C /* NoteMapController.swift in Sources */,
				7AB309FA217F9C97005C3CB0 /* FoldersController.swift in Sources */,
				7AB309F3217F7A76005C3CB0 /* Folder+CoreDataProperties.swift in Sources */,
				7AB309FC217FA431005C3CB0 /* FolderController.swift in Sources */,
				7A8BE754218111F900DF0C65 /* LocationManager.swift in Sources */,
				7AB309F2217F7A76005C3CB0 /* Folder+CoreDataClass.swift in Sources */,
				7AF0488F2185AD8100A7F1B3 /* NoteCell.swift in Sources */,
				7AB309EE217F7A76005C3CB0 /* Note+CoreDataClass.swift in Sources */,
				7AB309F5217F7A76005C3CB0 /* Location+CoreDataProperties.swift in Sources */,
				7AB309EF217F7A76005C3CB0 /* Note+CoreDataProperties.swift in Sources */,
				7A415878218514DF00B8A27C /* LocalizationManager.swift in Sources */,
				7AB309F1217F7A76005C3CB0 /* ImageNote+CoreDataProperties.swift in Sources */,
				7AB309F4217F7A76005C3CB0 /* Location+CoreDataClass.swift in Sources */,
				7AB309D2217F713B005C3CB0 /* AppDelegate.swift in Sources */,
				7A8BE75121810ABC00DF0C65 /* SelectFolderController.swift in Sources */,
				7AE8C39A217FB0E00079FE46 /* NoteController.swift in Sources */,
				7AB309DA217F713B005C3CB0 /* LocationNotes.xcdatamodeld in Sources */,
				7A415870218502A400B8A27C /* MapController.swift in Sources */,
				7AB309F8217F7DEF005C3CB0 /* CoreDataManager.swift in Sources */,
			);
			runOnlyForDeploymentPostprocessing = 0;
		};
/* End PBXSourcesBuildPhase section */

/* Begin PBXVariantGroup section */
		7A415879218515F100B8A27C /* Localizable.strings */ = {
			isa = PBXVariantGroup;
			children = (
				7A41587A218515F100B8A27C /* ru */,
			);
			name = Localizable.strings;
			sourceTree = "<group>";
		};
		7AB309D5217F713B005C3CB0 /* Main.storyboard */ = {
			isa = PBXVariantGroup;
			children = (
				7AB309D6217F713B005C3CB0 /* Base */,
				7A415871218512EF00B8A27C /* ru */,
			);
			name = Main.storyboard;
			sourceTree = "<group>";
		};
		7AB309DD217F713C005C3CB0 /* LaunchScreen.storyboard */ = {
			isa = PBXVariantGroup;
			children = (
				7AB309DE217F713C005C3CB0 /* Base */,
				7A415872218512EF00B8A27C /* ru */,
			);
			name = LaunchScreen.storyboard;
			sourceTree = "<group>";
		};
		7AF0488B21859FB900A7F1B3 /* InfoPlist.strings */ = {
			isa = PBXVariantGroup;
			children = (
				7AF0488C21859FB900A7F1B3 /* ru */,
			);
			name = InfoPlist.strings;
			sourceTree = "<group>";
		};
/* End PBXVariantGroup section */

/* Begin XCBuildConfiguration section */
		7AB309E1217F713C005C3CB0 /* Debug */ = {
			isa = XCBuildConfiguration;
			buildSettings = {
				ALWAYS_SEARCH_USER_PATHS = NO;
				CLANG_ANALYZER_LOCALIZABILITY_NONLOCALIZED = YES;
				CLANG_ANALYZER_NONNULL = YES;
				CLANG_ANALYZER_NUMBER_OBJECT_CONVERSION = YES_AGGRESSIVE;
				CLANG_CXX_LANGUAGE_STANDARD = "gnu++14";
				CLANG_CXX_LIBRARY = "libc++";
				CLANG_ENABLE_MODULES = YES;
				CLANG_ENABLE_OBJC_ARC = YES;
				CLANG_ENABLE_OBJC_WEAK = YES;
				CLANG_WARN_BLOCK_CAPTURE_AUTORELEASING = YES;
				CLANG_WARN_BOOL_CONVERSION = YES;
				CLANG_WARN_COMMA = YES;
				CLANG_WARN_CONSTANT_CONVERSION = YES;
				CLANG_WARN_DEPRECATED_OBJC_IMPLEMENTATIONS = YES;
				CLANG_WARN_DIRECT_OBJC_ISA_USAGE = YES_ERROR;
				CLANG_WARN_DOCUMENTATION_COMMENTS = YES;
				CLANG_WARN_EMPTY_BODY = YES;
				CLANG_WARN_ENUM_CONVERSION = YES;
				CLANG_WARN_INFINITE_RECURSION = YES;
				CLANG_WARN_INT_CONVERSION = YES;
				CLANG_WARN_NON_LITERAL_NULL_CONVERSION = YES;
				CLANG_WARN_OBJC_IMPLICIT_RETAIN_SELF = YES;
				CLANG_WARN_OBJC_LITERAL_CONVERSION = YES;
				CLANG_WARN_OBJC_ROOT_CLASS = YES_ERROR;
				CLANG_WARN_RANGE_LOOP_ANALYSIS = YES;
				CLANG_WARN_STRICT_PROTOTYPES = YES;
				CLANG_WARN_SUSPICIOUS_MOVE = YES;
				CLANG_WARN_UNGUARDED_AVAILABILITY = YES_AGGRESSIVE;
				CLANG_WARN_UNREACHABLE_CODE = YES;
				CLANG_WARN__DUPLICATE_METHOD_MATCH = YES;
				CODE_SIGN_IDENTITY = "iPhone Developer";
				COPY_PHASE_STRIP = NO;
				DEBUG_INFORMATION_FORMAT = dwarf;
				ENABLE_STRICT_OBJC_MSGSEND = YES;
				ENABLE_TESTABILITY = YES;
				GCC_C_LANGUAGE_STANDARD = gnu11;
				GCC_DYNAMIC_NO_PIC = NO;
				GCC_NO_COMMON_BLOCKS = YES;
				GCC_OPTIMIZATION_LEVEL = 0;
				GCC_PREPROCESSOR_DEFINITIONS = (
					"DEBUG=1",
					"$(inherited)",
				);
				GCC_WARN_64_TO_32_BIT_CONVERSION = YES;
				GCC_WARN_ABOUT_RETURN_TYPE = YES_ERROR;
				GCC_WARN_UNDECLARED_SELECTOR = YES;
				GCC_WARN_UNINITIALIZED_AUTOS = YES_AGGRESSIVE;
				GCC_WARN_UNUSED_FUNCTION = YES;
				GCC_WARN_UNUSED_VARIABLE = YES;
				IPHONEOS_DEPLOYMENT_TARGET = 12.0;
				MTL_ENABLE_DEBUG_INFO = INCLUDE_SOURCE;
				MTL_FAST_MATH = YES;
				ONLY_ACTIVE_ARCH = YES;
				SDKROOT = iphoneos;
				SWIFT_ACTIVE_COMPILATION_CONDITIONS = DEBUG;
				SWIFT_OPTIMIZATION_LEVEL = "-Onone";
			};
			name = Debug;
		};
		7AB309E2217F713C005C3CB0 /* Release */ = {
			isa = XCBuildConfiguration;
			buildSettings = {
				ALWAYS_SEARCH_USER_PATHS = NO;
				CLANG_ANALYZER_LOCALIZABILITY_NONLOCALIZED = YES;
				CLANG_ANALYZER_NONNULL = YES;
				CLANG_ANALYZER_NUMBER_OBJECT_CONVERSION = YES_AGGRESSIVE;
				CLANG_CXX_LANGUAGE_STANDARD = "gnu++14";
				CLANG_CXX_LIBRARY = "libc++";
				CLANG_ENABLE_MODULES = YES;
				CLANG_ENABLE_OBJC_ARC = YES;
				CLANG_ENABLE_OBJC_WEAK = YES;
				CLANG_WARN_BLOCK_CAPTURE_AUTORELEASING = YES;
				CLANG_WARN_BOOL_CONVERSION = YES;
				CLANG_WARN_COMMA = YES;
				CLANG_WARN_CONSTANT_CONVERSION = YES;
				CLANG_WARN_DEPRECATED_OBJC_IMPLEMENTATIONS = YES;
				CLANG_WARN_DIRECT_OBJC_ISA_USAGE = YES_ERROR;
				CLANG_WARN_DOCUMENTATION_COMMENTS = YES;
				CLANG_WARN_EMPTY_BODY = YES;
				CLANG_WARN_ENUM_CONVERSION = YES;
				CLANG_WARN_INFINITE_RECURSION = YES;
				CLANG_WARN_INT_CONVERSION = YES;
				CLANG_WARN_NON_LITERAL_NULL_CONVERSION = YES;
				CLANG_WARN_OBJC_IMPLICIT_RETAIN_SELF = YES;
				CLANG_WARN_OBJC_LITERAL_CONVERSION = YES;
				CLANG_WARN_OBJC_ROOT_CLASS = YES_ERROR;
				CLANG_WARN_RANGE_LOOP_ANALYSIS = YES;
				CLANG_WARN_STRICT_PROTOTYPES = YES;
				CLANG_WARN_SUSPICIOUS_MOVE = YES;
				CLANG_WARN_UNGUARDED_AVAILABILITY = YES_AGGRESSIVE;
				CLANG_WARN_UNREACHABLE_CODE = YES;
				CLANG_WARN__DUPLICATE_METHOD_MATCH = YES;
				CODE_SIGN_IDENTITY = "iPhone Developer";
				COPY_PHASE_STRIP = NO;
				DEBUG_INFORMATION_FORMAT = "dwarf-with-dsym";
				ENABLE_NS_ASSERTIONS = NO;
				ENABLE_STRICT_OBJC_MSGSEND = YES;
				GCC_C_LANGUAGE_STANDARD = gnu11;
				GCC_NO_COMMON_BLOCKS = YES;
				GCC_WARN_64_TO_32_BIT_CONVERSION = YES;
				GCC_WARN_ABOUT_RETURN_TYPE = YES_ERROR;
				GCC_WARN_UNDECLARED_SELECTOR = YES;
				GCC_WARN_UNINITIALIZED_AUTOS = YES_AGGRESSIVE;
				GCC_WARN_UNUSED_FUNCTION = YES;
				GCC_WARN_UNUSED_VARIABLE = YES;
				IPHONEOS_DEPLOYMENT_TARGET = 12.0;
				MTL_ENABLE_DEBUG_INFO = NO;
				MTL_FAST_MATH = YES;
				SDKROOT = iphoneos;
				SWIFT_COMPILATION_MODE = wholemodule;
				SWIFT_OPTIMIZATION_LEVEL = "-O";
				VALIDATE_PRODUCT = YES;
			};
			name = Release;
		};
		7AB309E4217F713C005C3CB0 /* Debug */ = {
			isa = XCBuildConfiguration;
			buildSettings = {
				ASSETCATALOG_COMPILER_APPICON_NAME = AppIcon;
				CODE_SIGN_STYLE = Automatic;
				DEVELOPMENT_TEAM = C859L9UR93;
				INFOPLIST_FILE = LocationNotes/Info.plist;
				LD_RUNPATH_SEARCH_PATHS = (
					"$(inherited)",
					"@executable_path/Frameworks",
				);
				PRODUCT_BUNDLE_IDENTIFIER = ru.momotov.LocationNotes;
				PRODUCT_NAME = "$(TARGET_NAME)";
				SWIFT_VERSION = 4.2;
				TARGETED_DEVICE_FAMILY = "1,2";
			};
			name = Debug;
		};
		7AB309E5217F713C005C3CB0 /* Release */ = {
			isa = XCBuildConfiguration;
			buildSettings = {
				ASSETCATALOG_COMPILER_APPICON_NAME = AppIcon;
				CODE_SIGN_STYLE = Automatic;
				DEVELOPMENT_TEAM = C859L9UR93;
				INFOPLIST_FILE = LocationNotes/Info.plist;
				LD_RUNPATH_SEARCH_PATHS = (
					"$(inherited)",
					"@executable_path/Frameworks",
				);
				PRODUCT_BUNDLE_IDENTIFIER = ru.momotov.LocationNotes;
				PRODUCT_NAME = "$(TARGET_NAME)";
				SWIFT_VERSION = 4.2;
				TARGETED_DEVICE_FAMILY = "1,2";
			};
			name = Release;
		};
/* End XCBuildConfiguration section */

/* Begin XCConfigurationList section */
		7AB309C9217F713B005C3CB0 /* Build configuration list for PBXProject "LocationNotes" */ = {
			isa = XCConfigurationList;
			buildConfigurations = (
				7AB309E1217F713C005C3CB0 /* Debug */,
				7AB309E2217F713C005C3CB0 /* Release */,
			);
			defaultConfigurationIsVisible = 0;
			defaultConfigurationName = Release;
		};
		7AB309E3217F713C005C3CB0 /* Build configuration list for PBXNativeTarget "LocationNotes" */ = {
			isa = XCConfigurationList;
			buildConfigurations = (
				7AB309E4217F713C005C3CB0 /* Debug */,
				7AB309E5217F713C005C3CB0 /* Release */,
			);
			defaultConfigurationIsVisible = 0;
			defaultConfigurationName = Release;
		};
/* End XCConfigurationList section */

/* Begin XCVersionGroup section */
		7AB309D8217F713B005C3CB0 /* LocationNotes.xcdatamodeld */ = {
			isa = XCVersionGroup;
			children = (
				7AB309D9217F713B005C3CB0 /* LocationNotes.xcdatamodel */,
			);
			currentVersion = 7AB309D9217F713B005C3CB0 /* LocationNotes.xcdatamodel */;
			path = LocationNotes.xcdatamodeld;
			sourceTree = "<group>";
			versionGroupType = wrapper.xcdatamodel;
		};
/* End XCVersionGroup section */
	};
	rootObject = 7AB309C6217F713B005C3CB0 /* Project object */;
}
